
Microsoft Visual Studio Solution File, Format Version 12.00
# Visual Studio 15
VisualStudioVersion = 15.0.27130.2036
MinimumVisualStudioVersion = 10.0.40219.1
Project("{888888A0-9F3D-457C-B088-3A5042F75D52}") = "number_game", "number_game\number_game.pyproj", "{E508E611-3D0D-44F5-AB1B-30CDA65DAF7B}"
EndProject
Global
	GlobalSection(SolutionConfigurationPlatforms) = preSolution
		Debug|Any CPU = Debug|Any CPU
		Release|Any CPU = Release|Any CPU
	EndGlobalSection
	GlobalSection(ProjectConfigurationPlatforms) = postSolution
		{E508E611-3D0D-44F5-AB1B-30CDA65DAF7B}.Debug|Any CPU.ActiveCfg = Debug|Any CPU
		{E508E611-3D0D-44F5-AB1B-30CDA65DAF7B}.Release|Any CPU.ActiveCfg = Release|Any CPU
	EndGlobalSection
	GlobalSection(SolutionProperties) = preSolution
		HideSolutionNode = FALSE
	EndGlobalSection
	GlobalSection(ExtensibilityGlobals) = postSolution
		SolutionGuid = {C4C29D64-6AB7-460D-9079-6B6297ADD58D}
	EndGlobalSection
EndGlobal
